
Microsoft Visual Studio Solution File, Format Version 12.00
# Visual Studio Version 17
VisualStudioVersion = 17.5.33502.453
MinimumVisualStudioVersion = 10.0.40219.1
Project("{FAE04EC0-301F-11D3-BF4B-00C04F79EFBC}") = "Modelos", "Modelos\Modelos.csproj", "{2C4B77B4-FD2D-49E2-B647-6A46116D9475}"
EndProject
Project("{FAE04EC0-301F-11D3-BF4B-00C04F79EFBC}") = "API", "API\API.csproj", "{3C5A25C2-6E22-4939-A817-FBB52788333D}"
EndProject
Global
	GlobalSection(SolutionConfigurationPlatforms) = preSolution
		Debug|Any CPU = Debug|Any CPU
		Release|Any CPU = Release|Any CPU
	EndGlobalSection
	GlobalSection(ProjectConfigurationPlatforms) = postSolution
		{2C4B77B4-FD2D-49E2-B647-6A46116D9475}.Debug|Any CPU.ActiveCfg = Debug|Any CPU
		{2C4B77B4-FD2D-49E2-B647-6A46116D9475}.Debug|Any CPU.Build.0 = Debug|Any CPU
		{2C4B77B4-FD2D-49E2-B647-6A46116D9475}.Release|Any CPU.ActiveCfg = Release|Any CPU
		{2C4B77B4-FD2D-49E2-B647-6A46116D9475}.Release|Any CPU.Build.0 = Release|Any CPU
		{3C5A25C2-6E22-4939-A817-FBB52788333D}.Debug|Any CPU.ActiveCfg = Debug|Any CPU
		{3C5A25C2-6E22-4939-A817-FBB52788333D}.Debug|Any CPU.Build.0 = Debug|Any CPU
		{3C5A25C2-6E22-4939-A817-FBB52788333D}.Release|Any CPU.ActiveCfg = Release|Any CPU
		{3C5A25C2-6E22-4939-A817-FBB52788333D}.Release|Any CPU.Build.0 = Release|Any CPU
	EndGlobalSection
	GlobalSection(SolutionProperties) = preSolution
		HideSolutionNode = FALSE
	EndGlobalSection
	GlobalSection(ExtensibilityGlobals) = postSolution
		SolutionGuid = {677FF75A-15F9-4EC9-9989-CA97F24359D2}
	EndGlobalSection
EndGlobal
